
Microsoft Visual Studio Solution File, Format Version 12.00
# Visual Studio Version 16
VisualStudioVersion = 16.0.31129.286
MinimumVisualStudioVersion = 10.0.40219.1
Project("{FAE04EC0-301F-11D3-BF4B-00C04F79EFBC}") = "PowerVaccing", "PowerVaccing\PowerVaccing.csproj", "{86FC0578-5784-4716-910E-3BEDF78C97C3}"
EndProject
Global
	GlobalSection(SolutionConfigurationPlatforms) = preSolution
		Debug|Any CPU = Debug|Any CPU
		Release|Any CPU = Release|Any CPU
	EndGlobalSection
	GlobalSection(ProjectConfigurationPlatforms) = postSolution
		{86FC0578-5784-4716-910E-3BEDF78C97C3}.Debug|Any CPU.ActiveCfg = Debug|Any CPU
		{86FC0578-5784-4716-910E-3BEDF78C97C3}.Debug|Any CPU.Build.0 = Debug|Any CPU
		{86FC0578-5784-4716-910E-3BEDF78C97C3}.Release|Any CPU.ActiveCfg = Release|Any CPU
		{86FC0578-5784-4716-910E-3BEDF78C97C3}.Release|Any CPU.Build.0 = Release|Any CPU
	EndGlobalSection
	GlobalSection(SolutionProperties) = preSolution
		HideSolutionNode = FALSE
	EndGlobalSection
	GlobalSection(ExtensibilityGlobals) = postSolution
		SolutionGuid = {F476060C-0805-4235-8532-D80420AA7044}
	EndGlobalSection
EndGlobal
